{
    "_meta": {
        "hash": {
            "sha256": "8aca655b696e4f29478ae3b601d74a007b92d9c0589b08ed79751b6d3580a245"
        },
        "pipfile-spec": 6,
        "requires": {
            "python_version": "3.8"
        },
        "sources": [
            {
                "name": "pypi",
                "url": "https://pypi.org/simple",
                "verify_ssl": true
            }
        ]
    },
    "default": {
        "bcbio-gff": {
            "hashes": [
                "sha256:74c6920c91ca18ed9cb872e9471c0be442dad143d8176345917eb1fefc86bc37"
            ],
            "index": "pypi",
            "version": "==0.6.6"
        },
        "biopython": {
            "hashes": [
                "sha256:2ff96797cda9b2ff280cff6d1f7530181baecfd65987b6d1fc8356230cdcedd8",
                "sha256:4ba446c5c08f7863bdc9175c982cc6c1dc7262c824e6f8439c7c7e6b165bc165",
                "sha256:4debae2570b5937f55626ec8f9ef0e7001d6269ce6e6cfad4c9dca5c7a22065e",
                "sha256:50a22232cc74f3dcd2c3b91735e44ed9c1eaa1430ea13cf490876a9ba96c5d8d",
                "sha256:52bf44bf5ed0e8b9c43907b5a1955ac9c930f12a795a45e5fd8d452f4c089196",
                "sha256:583c37d73857ce64796cba41a125c5b797796c16a7cf1873166d6be97dc3247e",
                "sha256:5ac84aa3f61ba60b22bd00e06bc7b7408924396c8f13690a2ebdb6af0b62ecce",
                "sha256:825368cac116e5acdd6d003a1e13d3a9fe0eaa2c44a101f28a061a88cd287acf",
                "sha256:8b9da6a9d5af1fcd979cbebd4df63321c7243c56b7f816672bf084393f6e4f3a",
                "sha256:8f0f2694b51785c6e1cf790cba79e5aa19dc9304485c7b019585624c88632354",
                "sha256:b289ab4b9a099a58bd1ec022e0f468c840ede84298a1221580111b2b712d421b",
                "sha256:c277d762abe246ab23f459837451c5de16b13116f298a7a7fb896b4c839cd7a5",
                "sha256:d1a1b2b56d881113af8eda84cf148f07d2df158e3d71d884634d033442609db0",
                "sha256:d76d0e197e06c6e33131e3bc964ac99e1ed9f99cc7834b513fbdb7efe04bc4bc",
                "sha256:fb1936e9ca9e7af8de1050e84375f23328e04b801063edf0ad73733494d8ec42",
                "sha256:fd7db2db38cf938909032c1b8c49402930f74268f387090496d93e566cb3c219"
            ],
            "index": "pypi",
            "version": "==1.77"
        },
        "bx-python": {
            "hashes": [
                "sha256:0cb5079c3a2883923d885b6a5d7e797eb1edb434245e570dbfb6b7a4beb33785",
                "sha256:0dbb62f7e21b28b754b93ac0aa06e2f97e55b7d5cb3ad43aa0b05a4898bfe408",
                "sha256:1175fc87b983403b5528f95c8f696cc0ba4a055b5dc90485afbc1ed64bbae44b",
                "sha256:15ed702f54155db70ed005eab06a7a040d48cedefc040cab7903cb604e7059be",
                "sha256:1fc9b0c55d7825dc036ba209eef615c73fdb18d192046e1fc1dd1fb05e99efe7",
                "sha256:2a41b35b3ad73f684a3846251170ac7d93963a1293ffa1988753a335c43eb8a0",
                "sha256:2e86f33d0385b4c2322d8f2ddc43fa9eaef36d13bae7c61412ae5ef888099929",
                "sha256:2f004d797cc378f15bc398864ecf4eab019d16eb41ffc2544b87551431d18fd4",
                "sha256:3622d9e2905991f641c3160ed65268da90f5647850248c0f7d5a8df8e258ab23",
                "sha256:3ab353f8f9acc4d2070b4d3130e11b23e77c9d1e7e82d72b42f5768a52d9fcdd",
                "sha256:4a597b60c29e2761c5d9dfaaa486f4ef29eec211aecf43ce5912168140a3a117",
                "sha256:4c78c7f5847b0826b044db52651c3ac168f30b0163b990e2c15da6e7067e57f7",
                "sha256:5026a6e2fad8d87dbbcd1316adcc92b487a64c6d89f454e9dd20d8bad4e1c541",
                "sha256:52a45c4cbbc0c798a08762d0a8778bf68f694cc5fe9a10a517f92ce3ef142800",
                "sha256:5531fd1a0a8cae917b4b5ae684c9e326d55e0121d6526b0e8cbe8e6f085c84ee",
                "sha256:63d7c73e2148b407c05adbce4777a8b5b3bf163ba6755cd5ad499cf9d9723e85",
                "sha256:64a144bc8bf3aa1ca3c3d23ccbfe4f5d8cef162624573955797b5764e0a47f14",
                "sha256:6906e930d3805625d73d71ba615cac012dd880d7b52ee00c8eab250bf994a75c",
                "sha256:70e2786776ebf67dd8c04f1a1393ec918859f0f3c953db302cbdf93b362d9126",
                "sha256:759aa9956b065c73491ec085536a277a8a7ecb9e3b5b8cac2079369b3f4fb0e1",
                "sha256:7a63fd5c2a03dfd1885b59be228b24c6d13097f70bd2084ed68cc555c88b247c",
                "sha256:7a6c8d41daf81c92601f00c0065c1b018a0b4e349abf78d662d4191a51ac8588",
                "sha256:7d6dc734a6eb89004392276c3798eeec3860a4e2f0e011de02053f5a00765e52",
                "sha256:85b11e560556fcde675f42a8892f93ab34722f3b847126cb05bf87e50107af38",
                "sha256:8aae59dc27babb359dd16533435d3d86fb4ccd22470e026622b8e0afc2eab72c",
                "sha256:a0e1c75980d43b9065edb8fd8e433114c5711e8cee2c3eb6b5b698ad75022a9b",
                "sha256:a463eb8853ead4b7bfceb9d9b8936b7119af5d66575d1f40ce58ac978370f068",
                "sha256:a727a2cd8075d42d51d37265ad6c7241dc3f69ed08038e9ce2d1bc95a0f1c2d1",
                "sha256:b40ab8e922d0ed5ce6e0211cdfbec37d482f0702d366c2d341d83a424dcf69ce",
                "sha256:b77f4fe8604575535b11e9b1be304b3751f4cac99d00563b2907e273a3deaf1a",
                "sha256:ba2cf2aa4a08353c5217fad6546076d4b09394cfaf663c0efc58a2fb21b1100e",
                "sha256:bf8db3799a3a73398ffcc2c868c51d76b474ed67d3a7e401c3876fd3c8ad9e03",
                "sha256:c245bb9937350d7794ac89c8c878f7de3a3f9a1765868331fffca3af5296c1ae",
                "sha256:e205eac4b5a3354aa3d4e67794f11cc0cce8cde30772b716d66815acb94565b8",
                "sha256:eab4215c46203d7429598b7ccba4d2e11c4b11bb49d0db0501ebe9705e141655",
                "sha256:f1e2e195dc435af0b51ba71c5870112968e67b71f7daff068fda86db1809f480"
            ],
            "index": "pypi",
            "version": "==0.8.9"
        },
        "cython": {
            "hashes": [
                "sha256:0754ec9d45518d0dbb5da72db2c8b063d40c4c51779618c68431054de179387f",
                "sha256:0bb201124f67b8d5e6a3e7c02257ca56a90204611971ecca76c02897096f097d",
                "sha256:0f3488bf2a9e049d1907d35ad8834f542f8c03d858d1bca6d0cbc06b719163e0",
                "sha256:1024714b0f7829b0f712db9cebec92c2782b1f42409b8575cacc340aa438d4ba",
                "sha256:10b6d2e2125169158128b7f11dad8bb0d8f5fba031d5d4f8492f3afbd06491d7",
                "sha256:16ed0260d031d90dda43997e9b0f0eebc3cf18e6ece91cad7b0fb17cd4bfb29b",
                "sha256:22d91af5fc2253f717a1b80b8bb45acb655f643611983fd6f782b9423f8171c7",
                "sha256:2d84e8d2a0c698c1bce7c2a4677f9f03b076e9f0af7095947ecd2a900ffceea5",
                "sha256:34dd57f5ac5a0e3d53da964994fc1b7e7ee3f86172d7a1f0bde8a1f90739e04d",
                "sha256:384582b5024007dfdabc9753e3e0f85d61837b0103b0ee3f8acf04a4bcfad175",
                "sha256:4473f169d6dd02174eb76396cb38ce469f377c08b21965ddf4f88bbbebd5816e",
                "sha256:57f32d1095ad7fad1e7f2ff6e8c6a7197fa532c8e6f4d044ff69212e0bf05461",
                "sha256:5dfe519e400a1672a3ac5bdfb5e957a9c14c52caafb01f4a923998ec9ae77736",
                "sha256:60def282839ed81a2ffae29d2df0a6777fd74478c6e82c6c3f4b54e698b9d11c",
                "sha256:7089fb2be9a9869b9aa277bc6de401928954ce70e139c3cf9b244ae5f490b8f2",
                "sha256:714b8926a84e3e39c5278e43fb8823598db82a4b015cff263b786dc609a5e7d6",
                "sha256:7352b88f2213325c1e111561496a7d53b0326e7f07e6f81f9b8b21420e40851c",
                "sha256:809f0a3f647052c4bcbc34a15f53a5dab90de1a83ebd77add37ed5d3e6ee5d97",
                "sha256:8598b09f7973ccb15c03b21d3185dc129ae7c60d0a6caf8176b7099a4b83483e",
                "sha256:8dc68f93b257718ea0e2bc9be8e3c61d70b6e49ab82391125ba0112a30a21025",
                "sha256:9bfd42c1d40aa26bf76186cba0d89be66ba47e36fa7ea56d71f377585a53f7c4",
                "sha256:a21cb3423acd6dbf383c9e41e8e60c93741987950434c85145864458d30099f3",
                "sha256:a49d0f5c55ad0f4aacad32f058a71d0701cb8936d6883803e50698fa04cac8d2",
                "sha256:a985a7e3c7f1663af398938029659a4381cfe9d1bd982cf19c46b01453e81775",
                "sha256:b3233341c3fe352b1090168bd087686880b582b635d707b2c8f5d4f1cc1fa533",
                "sha256:b32965445b8dbdc36c69fba47e024060f9b39b1b4ceb816da5028eea01924505",
                "sha256:b553473c31297e4ca77fbaea2eb2329889d898c03941d90941679247c17e38fb",
                "sha256:b56c02f14f1708411d95679962b742a1235d33a23535ce4a7f75425447701245",
                "sha256:b7bb0d54ff453c7516d323c3c78b211719f39a506652b79b7e85ba447d5fa9e7",
                "sha256:c5df2c42d4066cda175cd4d075225501e1842cfdbdaeeb388eb7685c367cc3ce",
                "sha256:c5e29333c9e20df384645902bed7a67a287b979da1886c8f10f88e57b69e0f4b",
                "sha256:d0b445def03b4cd33bd2d1ae6fbbe252b6d1ef7077b3b5ba3f2c698a190d26e5",
                "sha256:d490a54814b69d814b157ac86ada98c15fd77fabafc23732818ed9b9f1f0af80"
            ],
            "index": "pypi",
            "version": "==0.29.20"
        },
        "decorator": {
            "hashes": [
                "sha256:41fa54c2a0cc4ba648be4fd43cff00aedf5b9465c9bf18d64325bc225f08f760",
                "sha256:e3a62f0520172440ca0dcc823749319382e377f37f140a0b99ef45fecb84bfe7"
            ],
            "version": "==4.4.2"
        },
        "joblib": {
            "hashes": [
                "sha256:61e49189c84b3c5d99a969d314853f4d1d263316cc694bec17548ebaa9c47b6e",
                "sha256:6825784ffda353cc8a1be573118085789e5b5d29401856b35b756645ab5aecb5"
            ],
            "version": "==0.15.1"
        },
        "networkx": {
            "hashes": [
                "sha256:cdfbf698749a5014bf2ed9db4a07a5295df1d3a53bf80bf3cbd61edf9df05fa1",
                "sha256:f8f4ff0b6f96e4f9b16af6b84622597b5334bf9cae8cf9b2e42e7985d5c95c64"
            ],
            "index": "pypi",
            "version": "==2.4"
        },
        "numpy": {
            "hashes": [
                "sha256:13af0184177469192d80db9bd02619f6fa8b922f9f327e077d6f2a6acb1ce1c0",
                "sha256:26a45798ca2a4e168d00de75d4a524abf5907949231512f372b217ede3429e98",
                "sha256:26f509450db547e4dfa3ec739419b31edad646d21fb8d0ed0734188b35ff6b27",
                "sha256:30a59fb41bb6b8c465ab50d60a1b298d1cd7b85274e71f38af5a75d6c475d2d2",
                "sha256:33c623ef9ca5e19e05991f127c1be5aeb1ab5cdf30cb1c5cf3960752e58b599b",
                "sha256:356f96c9fbec59974a592452ab6a036cd6f180822a60b529a975c9467fcd5f23",
                "sha256:3c40c827d36c6d1c3cf413694d7dc843d50997ebffbc7c87d888a203ed6403a7",
                "sha256:4d054f013a1983551254e2379385e359884e5af105e3efe00418977d02f634a7",
                "sha256:63d971bb211ad3ca37b2adecdd5365f40f3b741a455beecba70fd0dde8b2a4cb",
                "sha256:658624a11f6e1c252b2cd170d94bf28c8f9410acab9f2fd4369e11e1cd4e1aaf",
                "sha256:76766cc80d6128750075378d3bb7812cf146415bd29b588616f72c943c00d598",
                "sha256:7b57f26e5e6ee2f14f960db46bd58ffdca25ca06dd997729b1b179fddd35f5a3",
                "sha256:7b852817800eb02e109ae4a9cef2beda8dd50d98b76b6cfb7b5c0099d27b52d4",
                "sha256:8cde829f14bd38f6da7b2954be0f2837043e8b8d7a9110ec5e318ae6bf706610",
                "sha256:a2e3a39f43f0ce95204beb8fe0831199542ccab1e0c6e486a0b4947256215632",
                "sha256:a86c962e211f37edd61d6e11bb4df7eddc4a519a38a856e20a6498c319efa6b0",
                "sha256:a8705c5073fe3fcc297fb8e0b31aa794e05af6a329e81b7ca4ffecab7f2b95ef",
                "sha256:b6aaeadf1e4866ca0fdf7bb4eed25e521ae21a7947c59f78154b24fc7abbe1dd",
                "sha256:be62aeff8f2f054eff7725f502f6228298891fd648dc2630e03e44bf63e8cee0",
                "sha256:c2edbb783c841e36ca0fa159f0ae97a88ce8137fb3a6cd82eae77349ba4b607b",
                "sha256:cbe326f6d364375a8e5a8ccb7e9cd73f4b2f6dc3b2ed205633a0db8243e2a96a",
                "sha256:d34fbb98ad0d6b563b95de852a284074514331e6b9da0a9fc894fb1cdae7a79e",
                "sha256:d97a86937cf9970453c3b62abb55a6475f173347b4cde7f8dcdb48c8e1b9952d",
                "sha256:dd53d7c4a69e766e4900f29db5872f5824a06827d594427cf1a4aa542818b796",
                "sha256:df1889701e2dfd8ba4dc9b1a010f0a60950077fb5242bb92c8b5c7f1a6f2668a",
                "sha256:fa1fe75b4a9e18b66ae7f0b122543c42debcf800aaafa0212aaff3ad273c2596"
            ],
            "index": "pypi",
            "version": "==1.19.0"
        },
        "pandas": {
            "hashes": [
                "sha256:02f1e8f71cd994ed7fcb9a35b6ddddeb4314822a0e09a9c5b2d278f8cb5d4096",
                "sha256:13f75fb18486759da3ff40f5345d9dd20e7d78f2a39c5884d013456cec9876f0",
                "sha256:35b670b0abcfed7cad76f2834041dcf7ae47fd9b22b63622d67cdc933d79f453",
                "sha256:4c73f373b0800eb3062ffd13d4a7a2a6d522792fa6eb204d67a4fad0a40f03dc",
                "sha256:5759edf0b686b6f25a5d4a447ea588983a33afc8a0081a0954184a4a87fd0dd7",
                "sha256:5a7cf6044467c1356b2b49ef69e50bf4d231e773c3ca0558807cdba56b76820b",
                "sha256:69c5d920a0b2a9838e677f78f4dde506b95ea8e4d30da25859db6469ded84fa8",
                "sha256:8778a5cc5a8437a561e3276b85367412e10ae9fff07db1eed986e427d9a674f8",
                "sha256:9871ef5ee17f388f1cb35f76dc6106d40cb8165c562d573470672f4cdefa59ef",
                "sha256:9c31d52f1a7dd2bb4681d9f62646c7aa554f19e8e9addc17e8b1b20011d7522d",
                "sha256:ab8173a8efe5418bbe50e43f321994ac6673afc5c7c4839014cf6401bbdd0705",
                "sha256:ae961f1f0e270f1e4e2273f6a539b2ea33248e0e3a11ffb479d757918a5e03a9",
                "sha256:b3c4f93fcb6e97d993bf87cdd917883b7dab7d20c627699f360a8fb49e9e0b91",
                "sha256:c9410ce8a3dee77653bc0684cfa1535a7f9c291663bd7ad79e39f5ab58f67ab3",
                "sha256:f69e0f7b7c09f1f612b1f8f59e2df72faa8a6b41c5a436dde5b615aaf948f107",
                "sha256:faa42a78d1350b02a7d2f0dbe3c80791cf785663d6997891549d0f86dc49125e"
            ],
            "index": "pypi",
            "version": "==1.0.5"
        },
        "pysam": {
            "hashes": [
                "sha256:107eca9050d8140910b5ea5c5a9e66313e1155eb44cc180e10f48f9cb71e8095",
                "sha256:3eb70111a5ed86cc7a048c9b2205087b1184093e6135f02ad7f144b206951452",
                "sha256:9da29490c666a963e5a7f6f5114e86c9b36a8a6adc2227f5772bdc38c09d2d37",
                "sha256:9e3597a49e4bc72c31199d6231018ad3034e08a8243b9f8086953afb2ab5a3af",
                "sha256:a5a0fc1f0d724d0b7789341add26ba181ac009430021f0998f6083fb62432193",
                "sha256:d428a9768691d5ea3c28cc52a949c920ae691aa4c110a8b7328dc4d165ef1ad6",
                "sha256:f65659deadc4904984de24cb6f3878b6052cf504a2a85a50b80f2ff7939f96db"
            ],
            "index": "pypi",
            "version": "==0.16.0.1"
        },
        "python-dateutil": {
            "hashes": [
                "sha256:73ebfe9dbf22e832286dafa60473e4cd239f8592f699aa5adaf10050e6e1823c",
                "sha256:75bb3f31ea686f1197762692a9ee6a7550b59fc6ca3a1f4b5d7e32fb98e2da2a"
            ],
            "version": "==2.8.1"
        },
        "pytz": {
            "hashes": [
                "sha256:a494d53b6d39c3c6e44c3bec237336e14305e4f29bbf800b599253057fbb79ed",
                "sha256:c35965d010ce31b23eeb663ed3cc8c906275d6be1a34393a1d73a41febf4a048"
            ],
            "version": "==2020.1"
        },
        "pyvcf": {
            "hashes": [
                "sha256:e9d872513d179d229ab61da47a33f42726e9613784d1cb2bac3f8e2642f6f9d9"
            ],
            "index": "pypi",
            "version": "==0.6.8"
        },
        "scikit-learn": {
            "hashes": [
                "sha256:04799686060ecbf8992f26a35be1d99e981894c8c7860c1365cda4200f954a16",
                "sha256:058d213092de4384710137af1300ed0ff030b8c40459a6c6f73c31ccd274cc39",
                "sha256:0c3464e46ef8bd4f1bfa5c009648c6449412c8f7e9b3fc0c9e3d800139c48827",
                "sha256:0e7b55f73b35537ecd0d19df29dd39aa9e076dba78f3507b8136c819d84611fd",
                "sha256:16feae4361be6b299d4d08df5a30956b4bfc8eadf173fe9258f6d59630f851d4",
                "sha256:244ca85d6eba17a1e6e8a66ab2f584be6a7784b5f59297e3d7ff8c7983af627c",
                "sha256:3e6e92b495eee193a8fa12a230c9b7976ea0fc1263719338e35c986ea1e42cff",
                "sha256:5bcea4d6ee431c814261117281363208408aa4e665633655895feb059021aca6",
                "sha256:93f56abd316d131645559ec0ab4f45e3391c2ccdd4eadaa4912f4c1e0a6f2c96",
                "sha256:9e04c0811ea92931ee8490d638171b8cb2f21387efcfff526bbc8c2a3da60f1c",
                "sha256:bded94236e16774385202cafd26190ce96db18e4dc21e99473848c61e4fdc400",
                "sha256:c2fa33d20408b513cf432505c80e6eb4bf4d71434f1ae36680765d4a2c2a16ec",
                "sha256:e3fec1c8831f8f93ad85581ca29ca1bb88e2da377fb097cf8322aa89c21bc9b8",
                "sha256:e585682e37f2faa81ad6cd4472fff646bf2fd0542147bec93697a905db8e6bd2",
                "sha256:e9879ba9e64ec3add41bf201e06034162f853652ef4849b361d73b0deb3153ad",
                "sha256:ebe853e6f318f9d8b3b74dd17e553720d35646eff675a69eeaed12fbbbb07daa"
            ],
            "index": "pypi",
            "version": "==0.23.1"
        },
        "scipy": {
            "hashes": [
                "sha256:0f62f3be924a4314cf2384c6f77d3a0e3bf4ada370530a7d0a6d5a61192bec9e",
                "sha256:11d8bfcea08e971968d07495bdf1de37b3b1bb5ca78e4ddbe8d60791f0456942",
                "sha256:1b23129e9838694c36475b296ac251ae0b0247455352f2bed0b246c30b61c822",
                "sha256:244b4a23a8cb6707e19f5579502112954659bb983852b1c381243fe46d9b6818",
                "sha256:2aec0f81a29440e0c000222ac0447748a840d328b5698dd900ece4113bca5cde",
                "sha256:2e99f50d0061c385f8f46c5a99bb07ad013ec2dcf95ccba3be4e081594e7ab19",
                "sha256:38cdb4eafe727b324f295ab69eaa0788a8eefe08d59360968928753ab7f68ba9",
                "sha256:40969696eb13c2f1b6fc8e99ce597a47627f0167a7feb6086c2ccdfb55835cfc",
                "sha256:4e1a790fdf82a67619a38f017105df4bb66dfcdaea45df793ece27fd534720c2",
                "sha256:4ff72877d19b295ee7f7727615ea8238f2d59159df0bdd98f91754be4a2767f0",
                "sha256:69eb6245ff472db406c3e9b3e13bd0dc6e2ff48e7e758a7bfca296ecdb1ae8b9",
                "sha256:8f354e92246de33c44ddfc5fef61bce8c19d5aeeb2130b6a672b15db619453e4",
                "sha256:ae24f16056c87e7f086a56a7aaf6e65e4626ac70b7e08d7f54e078693abcf778",
                "sha256:d266d955c3fd12336c948abb368de230bf8dc20efad428abb908165d9c87f53f",
                "sha256:eb48915142f2dbd4b84df8ca66e433946df1a13eff36015c2b7843aa39dbc30d",
                "sha256:f662ad49ef930325161bd5edac39932c3f1b55547eaa0afce08367522f6314df"
            ],
            "version": "==1.5.0"
        },
        "six": {
            "hashes": [
                "sha256:30639c035cdb23534cd4aa2dd52c3bf48f06e5f4a941509c8bafd8ce11080259",
                "sha256:8b74bedcbbbaca38ff6d7491d76f2b06b3592611af620f8426e82dddb04a5ced"
            ],
            "version": "==1.15.0"
        },
        "threadpoolctl": {
            "hashes": [
                "sha256:38b74ca20ff3bb42caca8b00055111d74159ee95c4370882bbff2b93d24da725",
                "sha256:ddc57c96a38beb63db45d6c159b5ab07b6bced12c45a1f07b2b92f272aebfa6b"
            ],
            "version": "==2.1.0"
        }
    },
    "develop": {
        "appdirs": {
            "hashes": [
                "sha256:7d5d0167b2b1ba821647616af46a749d1c653740dd0d2415100fe26e27afdf41",
                "sha256:a841dacd6b99318a741b166adb07e19ee71a274450e68237b4650ca1055ab128"
            ],
            "version": "==1.4.4"
        },
        "cfgv": {
            "hashes": [
                "sha256:1ccf53320421aeeb915275a196e23b3b8ae87dea8ac6698b1638001d4a486d53",
                "sha256:c8e8f552ffcc6194f4e18dd4f68d9aef0c0d58ae7e7be8c82bee3c5e9edfa513"
            ],
            "version": "==3.1.0"
        },
        "distlib": {
            "hashes": [
                "sha256:8c09de2c67b3e7deef7184574fc060ab8a793e7adbb183d942c389c8b13c52fb",
                "sha256:edf6116872c863e1aa9d5bb7cb5e05a022c519a4594dc703843343a9ddd9bff1"
            ],
            "version": "==0.3.1"
        },
        "filelock": {
            "hashes": [
                "sha256:18d82244ee114f543149c66a6e0c14e9c4f8a1044b5cdaadd0f82159d6a6ff59",
                "sha256:929b7d63ec5b7d6b71b0fa5ac14e030b3f70b75747cef1b10da9b879fef15836"
            ],
            "version": "==3.0.12"
        },
        "identify": {
            "hashes": [
                "sha256:acf0712ab4042642e8f44e9532d95c26fbe60c0ab8b6e5b654dd1bc6512810e0",
                "sha256:b2cd24dece806707e0b50517c1b3bcf3044e0b1cb13a72e7d34aa31c91f2a55a"
            ],
            "version": "==1.4.20"
        },
        "nodeenv": {
            "hashes": [
                "sha256:4b0b77afa3ba9b54f4b6396e60b0c83f59eaeb2d63dc3cc7a70f7f4af96c82bc"
            ],
            "version": "==1.4.0"
        },
        "pre-commit": {
            "hashes": [
                "sha256:c5c8fd4d0e1c363723aaf0a8f9cba0f434c160b48c4028f4bae6d219177945b3",
                "sha256:da463cf8f0e257f9af49047ba514f6b90dbd9b4f92f4c8847a3ccd36834874c7"
            ],
            "index": "pypi",
            "version": "==2.5.1"
        },
        "pyyaml": {
            "hashes": [
                "sha256:06a0d7ba600ce0b2d2fe2e78453a470b5a6e000a985dd4a4e54e436cc36b0e97",
                "sha256:240097ff019d7c70a4922b6869d8a86407758333f02203e0fc6ff79c5dcede76",
                "sha256:4f4b913ca1a7319b33cfb1369e91e50354d6f07a135f3b901aca02aa95940bd2",
                "sha256:69f00dca373f240f842b2931fb2c7e14ddbacd1397d57157a9b005a6a9942648",
                "sha256:73f099454b799e05e5ab51423c7bcf361c58d3206fa7b0d555426b1f4d9a3eaf",
                "sha256:74809a57b329d6cc0fdccee6318f44b9b8649961fa73144a98735b0aaf029f1f",
                "sha256:7739fc0fa8205b3ee8808aea45e968bc90082c10aef6ea95e855e10abf4a37b2",
                "sha256:95f71d2af0ff4227885f7a6605c37fd53d3a106fcab511b8860ecca9fcf400ee",
                "sha256:b8eac752c5e14d3eca0e6dd9199cd627518cb5ec06add0de9d32baeee6fe645d",
                "sha256:cc8955cfbfc7a115fa81d85284ee61147059a753344bc51098f3ccd69b0d7e0c",
                "sha256:d13155f591e6fcc1ec3b30685d50bf0711574e2c0dfffd7644babf8b5102ca1a"
            ],
            "version": "==5.3.1"
        },
        "six": {
            "hashes": [
                "sha256:30639c035cdb23534cd4aa2dd52c3bf48f06e5f4a941509c8bafd8ce11080259",
                "sha256:8b74bedcbbbaca38ff6d7491d76f2b06b3592611af620f8426e82dddb04a5ced"
            ],
            "version": "==1.15.0"
        },
        "toml": {
            "hashes": [
                "sha256:926b612be1e5ce0634a2ca03470f95169cf16f939018233a670519cb4ac58b0f",
                "sha256:bda89d5935c2eac546d648028b9901107a595863cb36bae0c73ac804a9b4ce88"
            ],
            "version": "==0.10.1"
        },
        "virtualenv": {
            "hashes": [
                "sha256:f332ba0b2dfbac9f6b1da9f11224f0036b05cdb4df23b228527c2a2d5504aeed",
                "sha256:ffffcb3c78a671bb3d590ac3bc67c081ea2188befeeb058870cba13e7f82911b"
            ],
            "version": "==20.0.25"
        }
    }
}
